// !$*UTF8*$!
{
	archiveVersion = 1;
	classes = {
	};
	objectVersion = 46;
	objects = {

/* Begin PBXBuildFile section */
		8F08A0531EB01A8E007FAA35 /* Image.swift in Sources */ = {isa = PBXBuildFile; fileRef = 8F08A0521EB01A8E007FAA35 /* Image.swift */; };
		8F08A0551EB01B89007FAA35 /* ImageContext.swift in Sources */ = {isa = PBXBuildFile; fileRef = 8F08A0541EB01B89007FAA35 /* ImageContext.swift */; };
		8F08A0571EB023D1007FAA35 /* MenuItemContext.swift in Sources */ = {isa = PBXBuildFile; fileRef = 8F08A0561EB023D1007FAA35 /* MenuItemContext.swift */; };
		8F0A50FB1EB12A3700ECFC99 /* Assets.xcassets in Resources */ = {isa = PBXBuildFile; fileRef = 8F0A50FA1EB12A3700ECFC99 /* Assets.xcassets */; };
		8F6E17B61EB20FEE00E6CD65 /* OrderContext.swift in Sources */ = {isa = PBXBuildFile; fileRef = 8F6E17B51EB20FEE00E6CD65 /* OrderContext.swift */; };
		8F6E17B81EB215C400E6CD65 /* OrderDetailContext.swift in Sources */ = {isa = PBXBuildFile; fileRef = 8F6E17B71EB215C400E6CD65 /* OrderDetailContext.swift */; };
		8FA7833E1EACB590008A066A /* AreaTableViewController.swift in Sources */ = {isa = PBXBuildFile; fileRef = 8FA7833D1EACB590008A066A /* AreaTableViewController.swift */; };
		8FA783401EACB5E7008A066A /* AreaTableViewCell.swift in Sources */ = {isa = PBXBuildFile; fileRef = 8FA7833F1EACB5E7008A066A /* AreaTableViewCell.swift */; };
		8FA783421EACBA06008A066A /* AreaViewController.swift in Sources */ = {isa = PBXBuildFile; fileRef = 8FA783411EACBA06008A066A /* AreaViewController.swift */; };
		8FA783461EACC136008A066A /* MyFileManager.swift in Sources */ = {isa = PBXBuildFile; fileRef = 8FA783441EACC136008A066A /* MyFileManager.swift */; };
		8FA783471EACC136008A066A /* MySqlite.swift in Sources */ = {isa = PBXBuildFile; fileRef = 8FA783451EACC136008A066A /* MySqlite.swift */; };
		8FA7834A1EACC16B008A066A /* libsqlite3.tbd in Frameworks */ = {isa = PBXBuildFile; fileRef = 8FA783491EACC16B008A066A /* libsqlite3.tbd */; };
		8FA7834C1EACFE5A008A066A /* CollectionViewCell.swift in Sources */ = {isa = PBXBuildFile; fileRef = 8FA7834B1EACFE5A008A066A /* CollectionViewCell.swift */; };
		8FD8424D1EAE6C1200F43A12 /* TableContext.swift in Sources */ = {isa = PBXBuildFile; fileRef = 8FD8424C1EAE6C1200F43A12 /* TableContext.swift */; };
		8FD8424F1EAE6DCC00F43A12 /* AreaContext.swift in Sources */ = {isa = PBXBuildFile; fileRef = 8FD8424E1EAE6DCB00F43A12 /* AreaContext.swift */; };
		8FDBBFB61EB183FB008FB9C2 /* MenuItemTableViewController.swift in Sources */ = {isa = PBXBuildFile; fileRef = 8FDBBFB51EB183FB008FB9C2 /* MenuItemTableViewController.swift */; };
		8FDBBFB81EB1841B008FB9C2 /* MenuItemTableViewCell.swift in Sources */ = {isa = PBXBuildFile; fileRef = 8FDBBFB71EB1841B008FB9C2 /* MenuItemTableViewCell.swift */; };
		8FDBBFBA1EB18434008FB9C2 /* MenuItemViewController.swift in Sources */ = {isa = PBXBuildFile; fileRef = 8FDBBFB91EB18434008FB9C2 /* MenuItemViewController.swift */; };
		B102186F1EB0903900692FFF /* TableTableViewController.swift in Sources */ = {isa = PBXBuildFile; fileRef = B102186E1EB0903900692FFF /* TableTableViewController.swift */; };
		B10218711EB0906500692FFF /* TableViewController.swift in Sources */ = {isa = PBXBuildFile; fileRef = B10218701EB0906500692FFF /* TableViewController.swift */; };
		B10218731EB0979300692FFF /* TableTableViewCell.swift in Sources */ = {isa = PBXBuildFile; fileRef = B10218721EB0979300692FFF /* TableTableViewCell.swift */; };
		B10218751EB0A59600692FFF /* AppUtils.swift in Sources */ = {isa = PBXBuildFile; fileRef = B10218741EB0A59600692FFF /* AppUtils.swift */; };
		B1439F211EA5EA7D001242D7 /* DataContext.swift in Sources */ = {isa = PBXBuildFile; fileRef = B1439F201EA5EA7D001242D7 /* DataContext.swift */; };
		B1439F231EA60312001242D7 /* QueryContext.swift in Sources */ = {isa = PBXBuildFile; fileRef = B1439F221EA60312001242D7 /* QueryContext.swift */; };
		B1439F251EA61374001242D7 /* AppContext.swift in Sources */ = {isa = PBXBuildFile; fileRef = B1439F241EA61374001242D7 /* AppContext.swift */; };
		B181D2BA1EA4FA4C00CCFA01 /* AppDelegate.swift in Sources */ = {isa = PBXBuildFile; fileRef = B181D2B91EA4FA4C00CCFA01 /* AppDelegate.swift */; };
		B181D2BF1EA4FA4C00CCFA01 /* Main.storyboard in Resources */ = {isa = PBXBuildFile; fileRef = B181D2BD1EA4FA4C00CCFA01 /* Main.storyboard */; };
		B181D2C21EA4FA4C00CCFA01 /* Midterm.xcdatamodeld in Sources */ = {isa = PBXBuildFile; fileRef = B181D2C01EA4FA4C00CCFA01 /* Midterm.xcdatamodeld */; };
		B181D2C71EA4FA4C00CCFA01 /* LaunchScreen.storyboard in Resources */ = {isa = PBXBuildFile; fileRef = B181D2C51EA4FA4C00CCFA01 /* LaunchScreen.storyboard */; };
		B181D2D21EA4FBDD00CCFA01 /* Table.swift in Sources */ = {isa = PBXBuildFile; fileRef = B181D2D11EA4FBDD00CCFA01 /* Table.swift */; };
		B181D2D41EA4FBEF00CCFA01 /* Area.swift in Sources */ = {isa = PBXBuildFile; fileRef = B181D2D31EA4FBEF00CCFA01 /* Area.swift */; };
		B181D2D61EA4FC1200CCFA01 /* MenuItem.swift in Sources */ = {isa = PBXBuildFile; fileRef = B181D2D51EA4FC1200CCFA01 /* MenuItem.swift */; };
		B181D2DA1EA5081700CCFA01 /* Order.swift in Sources */ = {isa = PBXBuildFile; fileRef = B181D2D91EA5081700CCFA01 /* Order.swift */; };
		B181D2DC1EA5082400CCFA01 /* OrderDetail.swift in Sources */ = {isa = PBXBuildFile; fileRef = B181D2DB1EA5082400CCFA01 /* OrderDetail.swift */; };
		B1FA6E381EB10A550097B9ED /* MainTableDetailTableViewCell.swift in Sources */ = {isa = PBXBuildFile; fileRef = B1FA6E371EB10A550097B9ED /* MainTableDetailTableViewCell.swift */; };
		B1FA6E3C1EB164EA0097B9ED /* MainTableViewCell.swift in Sources */ = {isa = PBXBuildFile; fileRef = B1FA6E3B1EB164EA0097B9ED /* MainTableViewCell.swift */; };
		B1FA6E3E1EB1657A0097B9ED /* MainTableViewController.swift in Sources */ = {isa = PBXBuildFile; fileRef = B1FA6E3D1EB1657A0097B9ED /* MainTableViewController.swift */; };
		B1FA6E401EB169D50097B9ED /* MainTableDetailTableViewController.swift in Sources */ = {isa = PBXBuildFile; fileRef = B1FA6E3F1EB169D50097B9ED /* MainTableDetailTableViewController.swift */; };
/* End PBXBuildFile section */

/* Begin PBXFileReference section */
		8F08A0521EB01A8E007FAA35 /* Image.swift */ = {isa = PBXFileReference; fileEncoding = 4; lastKnownFileType = sourcecode.swift; path = Image.swift; sourceTree = "<group>"; };
		8F08A0541EB01B89007FAA35 /* ImageContext.swift */ = {isa = PBXFileReference; fileEncoding = 4; lastKnownFileType = sourcecode.swift; path = ImageContext.swift; sourceTree = "<group>"; };
		8F08A0561EB023D1007FAA35 /* MenuItemContext.swift */ = {isa = PBXFileReference; fileEncoding = 4; lastKnownFileType = sourcecode.swift; path = MenuItemContext.swift; sourceTree = "<group>"; };
		8F0A50FA1EB12A3700ECFC99 /* Assets.xcassets */ = {isa = PBXFileReference; lastKnownFileType = folder.assetcatalog; path = Assets.xcassets; sourceTree = "<group>"; };
		8F6E17B51EB20FEE00E6CD65 /* OrderContext.swift */ = {isa = PBXFileReference; fileEncoding = 4; lastKnownFileType = sourcecode.swift; path = OrderContext.swift; sourceTree = "<group>"; };
		8F6E17B71EB215C400E6CD65 /* OrderDetailContext.swift */ = {isa = PBXFileReference; fileEncoding = 4; lastKnownFileType = sourcecode.swift; path = OrderDetailContext.swift; sourceTree = "<group>"; };
		8FA7833D1EACB590008A066A /* AreaTableViewController.swift */ = {isa = PBXFileReference; fileEncoding = 4; lastKnownFileType = sourcecode.swift; path = AreaTableViewController.swift; sourceTree = "<group>"; };
		8FA7833F1EACB5E7008A066A /* AreaTableViewCell.swift */ = {isa = PBXFileReference; fileEncoding = 4; lastKnownFileType = sourcecode.swift; path = AreaTableViewCell.swift; sourceTree = "<group>"; };
		8FA783411EACBA06008A066A /* AreaViewController.swift */ = {isa = PBXFileReference; fileEncoding = 4; lastKnownFileType = sourcecode.swift; path = AreaViewController.swift; sourceTree = "<group>"; };
		8FA783431EACC136008A066A /* Midterm-Bridging-Header.h */ = {isa = PBXFileReference; fileEncoding = 4; lastKnownFileType = sourcecode.c.h; path = "Midterm-Bridging-Header.h"; sourceTree = "<group>"; };
		8FA783441EACC136008A066A /* MyFileManager.swift */ = {isa = PBXFileReference; fileEncoding = 4; lastKnownFileType = sourcecode.swift; path = MyFileManager.swift; sourceTree = "<group>"; };
		8FA783451EACC136008A066A /* MySqlite.swift */ = {isa = PBXFileReference; fileEncoding = 4; lastKnownFileType = sourcecode.swift; path = MySqlite.swift; sourceTree = "<group>"; };
		8FA783491EACC16B008A066A /* libsqlite3.tbd */ = {isa = PBXFileReference; lastKnownFileType = "sourcecode.text-based-dylib-definition"; name = libsqlite3.tbd; path = usr/lib/libsqlite3.tbd; sourceTree = SDKROOT; };
		8FA7834B1EACFE5A008A066A /* CollectionViewCell.swift */ = {isa = PBXFileReference; fileEncoding = 4; lastKnownFileType = sourcecode.swift; path = CollectionViewCell.swift; sourceTree = "<group>"; };
		8FD8424C1EAE6C1200F43A12 /* TableContext.swift */ = {isa = PBXFileReference; fileEncoding = 4; lastKnownFileType = sourcecode.swift; path = TableContext.swift; sourceTree = "<group>"; };
		8FD8424E1EAE6DCB00F43A12 /* AreaContext.swift */ = {isa = PBXFileReference; fileEncoding = 4; lastKnownFileType = sourcecode.swift; path = AreaContext.swift; sourceTree = "<group>"; };
		8FDBBFB51EB183FB008FB9C2 /* MenuItemTableViewController.swift */ = {isa = PBXFileReference; fileEncoding = 4; lastKnownFileType = sourcecode.swift; path = MenuItemTableViewController.swift; sourceTree = "<group>"; };
		8FDBBFB71EB1841B008FB9C2 /* MenuItemTableViewCell.swift */ = {isa = PBXFileReference; fileEncoding = 4; lastKnownFileType = sourcecode.swift; path = MenuItemTableViewCell.swift; sourceTree = "<group>"; };
		8FDBBFB91EB18434008FB9C2 /* MenuItemViewController.swift */ = {isa = PBXFileReference; fileEncoding = 4; lastKnownFileType = sourcecode.swift; path = MenuItemViewController.swift; sourceTree = "<group>"; };
		B102186E1EB0903900692FFF /* TableTableViewController.swift */ = {isa = PBXFileReference; fileEncoding = 4; lastKnownFileType = sourcecode.swift; path = TableTableViewController.swift; sourceTree = "<group>"; };
		B10218701EB0906500692FFF /* TableViewController.swift */ = {isa = PBXFileReference; fileEncoding = 4; lastKnownFileType = sourcecode.swift; path = TableViewController.swift; sourceTree = "<group>"; };
		B10218721EB0979300692FFF /* TableTableViewCell.swift */ = {isa = PBXFileReference; fileEncoding = 4; lastKnownFileType = sourcecode.swift; path = TableTableViewCell.swift; sourceTree = "<group>"; };
		B10218741EB0A59600692FFF /* AppUtils.swift */ = {isa = PBXFileReference; fileEncoding = 4; lastKnownFileType = sourcecode.swift; path = AppUtils.swift; sourceTree = "<group>"; };
		B1439F201EA5EA7D001242D7 /* DataContext.swift */ = {isa = PBXFileReference; fileEncoding = 4; lastKnownFileType = sourcecode.swift; path = DataContext.swift; sourceTree = "<group>"; };
		B1439F221EA60312001242D7 /* QueryContext.swift */ = {isa = PBXFileReference; fileEncoding = 4; lastKnownFileType = sourcecode.swift; path = QueryContext.swift; sourceTree = "<group>"; };
		B1439F241EA61374001242D7 /* AppContext.swift */ = {isa = PBXFileReference; fileEncoding = 4; lastKnownFileType = sourcecode.swift; path = AppContext.swift; sourceTree = "<group>"; };
		B181D2B61EA4FA4C00CCFA01 /* Midterm.app */ = {isa = PBXFileReference; explicitFileType = wrapper.application; includeInIndex = 0; path = Midterm.app; sourceTree = BUILT_PRODUCTS_DIR; };
		B181D2B91EA4FA4C00CCFA01 /* AppDelegate.swift */ = {isa = PBXFileReference; lastKnownFileType = sourcecode.swift; path = AppDelegate.swift; sourceTree = "<group>"; };
		B181D2BE1EA4FA4C00CCFA01 /* Base */ = {isa = PBXFileReference; lastKnownFileType = file.storyboard; name = Base; path = Base.lproj/Main.storyboard; sourceTree = "<group>"; };
		B181D2C11EA4FA4C00CCFA01 /* Midterm.xcdatamodel */ = {isa = PBXFileReference; lastKnownFileType = wrapper.xcdatamodel; path = Midterm.xcdatamodel; sourceTree = "<group>"; };
		B181D2C61EA4FA4C00CCFA01 /* Base */ = {isa = PBXFileReference; lastKnownFileType = file.storyboard; name = Base; path = Base.lproj/LaunchScreen.storyboard; sourceTree = "<group>"; };
		B181D2C81EA4FA4C00CCFA01 /* Info.plist */ = {isa = PBXFileReference; lastKnownFileType = text.plist.xml; path = Info.plist; sourceTree = "<group>"; };
		B181D2D11EA4FBDD00CCFA01 /* Table.swift */ = {isa = PBXFileReference; fileEncoding = 4; lastKnownFileType = sourcecode.swift; path = Table.swift; sourceTree = "<group>"; };
		B181D2D31EA4FBEF00CCFA01 /* Area.swift */ = {isa = PBXFileReference; fileEncoding = 4; lastKnownFileType = sourcecode.swift; path = Area.swift; sourceTree = "<group>"; };
		B181D2D51EA4FC1200CCFA01 /* MenuItem.swift */ = {isa = PBXFileReference; fileEncoding = 4; lastKnownFileType = sourcecode.swift; path = MenuItem.swift; sourceTree = "<group>"; };
		B181D2D91EA5081700CCFA01 /* Order.swift */ = {isa = PBXFileReference; fileEncoding = 4; lastKnownFileType = sourcecode.swift; path = Order.swift; sourceTree = "<group>"; };
		B181D2DB1EA5082400CCFA01 /* OrderDetail.swift */ = {isa = PBXFileReference; fileEncoding = 4; lastKnownFileType = sourcecode.swift; path = OrderDetail.swift; sourceTree = "<group>"; };
		B1FA6E371EB10A550097B9ED /* MainTableDetailTableViewCell.swift */ = {isa = PBXFileReference; fileEncoding = 4; lastKnownFileType = sourcecode.swift; path = MainTableDetailTableViewCell.swift; sourceTree = "<group>"; };
		B1FA6E3B1EB164EA0097B9ED /* MainTableViewCell.swift */ = {isa = PBXFileReference; fileEncoding = 4; lastKnownFileType = sourcecode.swift; path = MainTableViewCell.swift; sourceTree = "<group>"; };
		B1FA6E3D1EB1657A0097B9ED /* MainTableViewController.swift */ = {isa = PBXFileReference; fileEncoding = 4; lastKnownFileType = sourcecode.swift; path = MainTableViewController.swift; sourceTree = "<group>"; };
		B1FA6E3F1EB169D50097B9ED /* MainTableDetailTableViewController.swift */ = {isa = PBXFileReference; fileEncoding = 4; lastKnownFileType = sourcecode.swift; path = MainTableDetailTableViewController.swift; sourceTree = "<group>"; };
/* End PBXFileReference section */

/* Begin PBXFrameworksBuildPhase section */
		B181D2B31EA4FA4C00CCFA01 /* Frameworks */ = {
			isa = PBXFrameworksBuildPhase;
			buildActionMask = 2147483647;
			files = (
				8FA7834A1EACC16B008A066A /* libsqlite3.tbd in Frameworks */,
			);
			runOnlyForDeploymentPostprocessing = 0;
		};
/* End PBXFrameworksBuildPhase section */

/* Begin PBXGroup section */
		8FA783481EACC16B008A066A /* Frameworks */ = {
			isa = PBXGroup;
			children = (
				8FA783491EACC16B008A066A /* libsqlite3.tbd */,
			);
			name = Frameworks;
			sourceTree = "<group>";
		};
		8FD8424B1EAE6A3F00F43A12 /* Context */ = {
			isa = PBXGroup;
			children = (
				B1439F201EA5EA7D001242D7 /* DataContext.swift */,
				B1439F221EA60312001242D7 /* QueryContext.swift */,
				B1439F241EA61374001242D7 /* AppContext.swift */,
				8FD8424C1EAE6C1200F43A12 /* TableContext.swift */,
				8FD8424E1EAE6DCB00F43A12 /* AreaContext.swift */,
				8F08A0541EB01B89007FAA35 /* ImageContext.swift */,
				8F08A0561EB023D1007FAA35 /* MenuItemContext.swift */,
				8F6E17B51EB20FEE00E6CD65 /* OrderContext.swift */,
				8F6E17B71EB215C400E6CD65 /* OrderDetailContext.swift */,
			);
			name = Context;
			sourceTree = "<group>";
		};
		8FD842501EAE75E000F43A12 /* CustomUI */ = {
			isa = PBXGroup;
			children = (
				8FA7833F1EACB5E7008A066A /* AreaTableViewCell.swift */,
				8FA7834B1EACFE5A008A066A /* CollectionViewCell.swift */,
				B10218721EB0979300692FFF /* TableTableViewCell.swift */,
				B1FA6E371EB10A550097B9ED /* MainTableDetailTableViewCell.swift */,
				B1FA6E3B1EB164EA0097B9ED /* MainTableViewCell.swift */,
				8FDBBFB71EB1841B008FB9C2 /* MenuItemTableViewCell.swift */,
			);
			name = CustomUI;
			sourceTree = "<group>";
		};
		B1439F261EA61395001242D7 /* Helper */ = {
			isa = PBXGroup;
			children = (
				8FA783431EACC136008A066A /* Midterm-Bridging-Header.h */,
				8FA783441EACC136008A066A /* MyFileManager.swift */,
				8FA783451EACC136008A066A /* MySqlite.swift */,
				B10218741EB0A59600692FFF /* AppUtils.swift */,
			);
			name = Helper;
			sourceTree = "<group>";
		};
		B181D2AD1EA4FA4C00CCFA01 = {
			isa = PBXGroup;
			children = (
				B181D2B81EA4FA4C00CCFA01 /* Midterm */,
				B181D2B71EA4FA4C00CCFA01 /* Products */,
				8FA783481EACC16B008A066A /* Frameworks */,
			);
			sourceTree = "<group>";
		};
		B181D2B71EA4FA4C00CCFA01 /* Products */ = {
			isa = PBXGroup;
			children = (
				B181D2B61EA4FA4C00CCFA01 /* Midterm.app */,
			);
			name = Products;
			sourceTree = "<group>";
		};
		B181D2B81EA4FA4C00CCFA01 /* Midterm */ = {
			isa = PBXGroup;
			children = (
				B1439F261EA61395001242D7 /* Helper */,
				8FD842501EAE75E000F43A12 /* CustomUI */,
				8FD8424B1EAE6A3F00F43A12 /* Context */,
				B181D2D01EA4FA6200CCFA01 /* Controller */,
				B181D2CF1EA4FA5D00CCFA01 /* View */,
				B181D2CE1EA4FA5700CCFA01 /* Model */,
				B181D2B91EA4FA4C00CCFA01 /* AppDelegate.swift */,
				8F0A50FA1EB12A3700ECFC99 /* Assets.xcassets */,
				B181D2C81EA4FA4C00CCFA01 /* Info.plist */,
				B181D2C01EA4FA4C00CCFA01 /* Midterm.xcdatamodeld */,
			);
			path = Midterm;
			sourceTree = "<group>";
		};
		B181D2CE1EA4FA5700CCFA01 /* Model */ = {
			isa = PBXGroup;
			children = (
				B181D2D11EA4FBDD00CCFA01 /* Table.swift */,
				B181D2D31EA4FBEF00CCFA01 /* Area.swift */,
				B181D2D51EA4FC1200CCFA01 /* MenuItem.swift */,
				B181D2D91EA5081700CCFA01 /* Order.swift */,
				B181D2DB1EA5082400CCFA01 /* OrderDetail.swift */,
				8F08A0521EB01A8E007FAA35 /* Image.swift */,
			);
			name = Model;
			sourceTree = "<group>";
		};
		B181D2CF1EA4FA5D00CCFA01 /* View */ = {
			isa = PBXGroup;
			children = (
				B181D2BD1EA4FA4C00CCFA01 /* Main.storyboard */,
				B181D2C51EA4FA4C00CCFA01 /* LaunchScreen.storyboard */,
			);
			name = View;
			sourceTree = "<group>";
		};
		B181D2D01EA4FA6200CCFA01 /* Controller */ = {
			isa = PBXGroup;
			children = (
				8FA7833D1EACB590008A066A /* AreaTableViewController.swift */,
				8FA783411EACBA06008A066A /* AreaViewController.swift */,
				B102186E1EB0903900692FFF /* TableTableViewController.swift */,
				B10218701EB0906500692FFF /* TableViewController.swift */,
				B1FA6E3D1EB1657A0097B9ED /* MainTableViewController.swift */,
				B1FA6E3F1EB169D50097B9ED /* MainTableDetailTableViewController.swift */,
				8FDBBFB51EB183FB008FB9C2 /* MenuItemTableViewController.swift */,
				8FDBBFB91EB18434008FB9C2 /* MenuItemViewController.swift */,
			);
			name = Controller;
			sourceTree = "<group>";
		};
/* End PBXGroup section */

/* Begin PBXNativeTarget section */
		B181D2B51EA4FA4C00CCFA01 /* Midterm */ = {
			isa = PBXNativeTarget;
			buildConfigurationList = B181D2CB1EA4FA4C00CCFA01 /* Build configuration list for PBXNativeTarget "Midterm" */;
			buildPhases = (
				B181D2B21EA4FA4C00CCFA01 /* Sources */,
				B181D2B31EA4FA4C00CCFA01 /* Frameworks */,
				B181D2B41EA4FA4C00CCFA01 /* Resources */,
			);
			buildRules = (
			);
			dependencies = (
			);
			name = Midterm;
			productName = Midterm;
			productReference = B181D2B61EA4FA4C00CCFA01 /* Midterm.app */;
			productType = "com.apple.product-type.application";
		};
/* End PBXNativeTarget section */

/* Begin PBXProject section */
		B181D2AE1EA4FA4C00CCFA01 /* Project object */ = {
			isa = PBXProject;
			attributes = {
				LastSwiftUpdateCheck = 0820;
				LastUpgradeCheck = 0820;
				ORGANIZATIONNAME = IMIT;
				TargetAttributes = {
					B181D2B51EA4FA4C00CCFA01 = {
						CreatedOnToolsVersion = 8.2.1;
						ProvisioningStyle = Automatic;
					};
				};
			};
			buildConfigurationList = B181D2B11EA4FA4C00CCFA01 /* Build configuration list for PBXProject "Midterm" */;
			compatibilityVersion = "Xcode 3.2";
			developmentRegion = English;
			hasScannedForEncodings = 0;
			knownRegions = (
				en,
				Base,
			);
			mainGroup = B181D2AD1EA4FA4C00CCFA01;
			productRefGroup = B181D2B71EA4FA4C00CCFA01 /* Products */;
			projectDirPath = "";
			projectRoot = "";
			targets = (
				B181D2B51EA4FA4C00CCFA01 /* Midterm */,
			);
		};
/* End PBXProject section */

/* Begin PBXResourcesBuildPhase section */
		B181D2B41EA4FA4C00CCFA01 /* Resources */ = {
			isa = PBXResourcesBuildPhase;
			buildActionMask = 2147483647;
			files = (
				B181D2C71EA4FA4C00CCFA01 /* LaunchScreen.storyboard in Resources */,
				8F0A50FB1EB12A3700ECFC99 /* Assets.xcassets in Resources */,
				B181D2BF1EA4FA4C00CCFA01 /* Main.storyboard in Resources */,
			);
			runOnlyForDeploymentPostprocessing = 0;
		};
/* End PBXResourcesBuildPhase section */

/* Begin PBXSourcesBuildPhase section */
		B181D2B21EA4FA4C00CCFA01 /* Sources */ = {
			isa = PBXSourcesBuildPhase;
			buildActionMask = 2147483647;
			files = (
				B10218711EB0906500692FFF /* TableViewController.swift in Sources */,
				8FD8424F1EAE6DCC00F43A12 /* AreaContext.swift in Sources */,
				8F08A0571EB023D1007FAA35 /* MenuItemContext.swift in Sources */,
				B181D2DC1EA5082400CCFA01 /* OrderDetail.swift in Sources */,
				8FA7833E1EACB590008A066A /* AreaTableViewController.swift in Sources */,
				B102186F1EB0903900692FFF /* TableTableViewController.swift in Sources */,
				8FD8424D1EAE6C1200F43A12 /* TableContext.swift in Sources */,
				B1439F251EA61374001242D7 /* AppContext.swift in Sources */,
				8FA783461EACC136008A066A /* MyFileManager.swift in Sources */,
				8F6E17B61EB20FEE00E6CD65 /* OrderContext.swift in Sources */,
				B1439F231EA60312001242D7 /* QueryContext.swift in Sources */,
				8F6E17B81EB215C400E6CD65 /* OrderDetailContext.swift in Sources */,
				8FA783421EACBA06008A066A /* AreaViewController.swift in Sources */,
				B1439F211EA5EA7D001242D7 /* DataContext.swift in Sources */,
				8F08A0551EB01B89007FAA35 /* ImageContext.swift in Sources */,
				8FDBBFB61EB183FB008FB9C2 /* MenuItemTableViewController.swift in Sources */,
				B1FA6E3E1EB1657A0097B9ED /* MainTableViewController.swift in Sources */,
				B181D2DA1EA5081700CCFA01 /* Order.swift in Sources */,
				B1FA6E381EB10A550097B9ED /* MainTableDetailTableViewCell.swift in Sources */,
				B1FA6E401EB169D50097B9ED /* MainTableDetailTableViewController.swift in Sources */,
				B10218731EB0979300692FFF /* TableTableViewCell.swift in Sources */,
				B10218751EB0A59600692FFF /* AppUtils.swift in Sources */,
				8FA783471EACC136008A066A /* MySqlite.swift in Sources */,
				B181D2D21EA4FBDD00CCFA01 /* Table.swift in Sources */,
				8FA7834C1EACFE5A008A066A /* CollectionViewCell.swift in Sources */,
				8F08A0531EB01A8E007FAA35 /* Image.swift in Sources */,
				B181D2C21EA4FA4C00CCFA01 /* Midterm.xcdatamodeld in Sources */,
				8FDBBFB81EB1841B008FB9C2 /* MenuItemTableViewCell.swift in Sources */,
				8FDBBFBA1EB18434008FB9C2 /* MenuItemViewController.swift in Sources */,
				B181D2D61EA4FC1200CCFA01 /* MenuItem.swift in Sources */,
				8FA783401EACB5E7008A066A /* AreaTableViewCell.swift in Sources */,
				B181D2D41EA4FBEF00CCFA01 /* Area.swift in Sources */,
				B181D2BA1EA4FA4C00CCFA01 /* AppDelegate.swift in Sources */,
				B1FA6E3C1EB164EA0097B9ED /* MainTableViewCell.swift in Sources */,
			);
			runOnlyForDeploymentPostprocessing = 0;
		};
/* End PBXSourcesBuildPhase section */

/* Begin PBXVariantGroup section */
		B181D2BD1EA4FA4C00CCFA01 /* Main.storyboard */ = {
			isa = PBXVariantGroup;
			children = (
				B181D2BE1EA4FA4C00CCFA01 /* Base */,
			);
			name = Main.storyboard;
			sourceTree = "<group>";
		};
		B181D2C51EA4FA4C00CCFA01 /* LaunchScreen.storyboard */ = {
			isa = PBXVariantGroup;
			children = (
				B181D2C61EA4FA4C00CCFA01 /* Base */,
			);
			name = LaunchScreen.storyboard;
			sourceTree = "<group>";
		};
/* End PBXVariantGroup section */

/* Begin XCBuildConfiguration section */
		B181D2C91EA4FA4C00CCFA01 /* Debug */ = {
			isa = XCBuildConfiguration;
			buildSettings = {
				ALWAYS_SEARCH_USER_PATHS = NO;
				CLANG_ANALYZER_NONNULL = YES;
				CLANG_CXX_LANGUAGE_STANDARD = "gnu++0x";
				CLANG_CXX_LIBRARY = "libc++";
				CLANG_ENABLE_MODULES = YES;
				CLANG_ENABLE_OBJC_ARC = YES;
				CLANG_WARN_BOOL_CONVERSION = YES;
				CLANG_WARN_CONSTANT_CONVERSION = YES;
				CLANG_WARN_DIRECT_OBJC_ISA_USAGE = YES_ERROR;
				CLANG_WARN_DOCUMENTATION_COMMENTS = YES;
				CLANG_WARN_EMPTY_BODY = YES;
				CLANG_WARN_ENUM_CONVERSION = YES;
				CLANG_WARN_INFINITE_RECURSION = YES;
				CLANG_WARN_INT_CONVERSION = YES;
				CLANG_WARN_OBJC_ROOT_CLASS = YES_ERROR;
				CLANG_WARN_SUSPICIOUS_MOVE = YES;
				CLANG_WARN_UNREACHABLE_CODE = YES;
				CLANG_WARN__DUPLICATE_METHOD_MATCH = YES;
				"CODE_SIGN_IDENTITY[sdk=iphoneos*]" = "iPhone Developer";
				COPY_PHASE_STRIP = NO;
				DEBUG_INFORMATION_FORMAT = dwarf;
				ENABLE_STRICT_OBJC_MSGSEND = YES;
				ENABLE_TESTABILITY = YES;
				GCC_C_LANGUAGE_STANDARD = gnu99;
				GCC_DYNAMIC_NO_PIC = NO;
				GCC_NO_COMMON_BLOCKS = YES;
				GCC_OPTIMIZATION_LEVEL = 0;
				GCC_PREPROCESSOR_DEFINITIONS = (
					"DEBUG=1",
					"$(inherited)",
				);
				GCC_WARN_64_TO_32_BIT_CONVERSION = YES;
				GCC_WARN_ABOUT_RETURN_TYPE = YES_ERROR;
				GCC_WARN_UNDECLARED_SELECTOR = YES;
				GCC_WARN_UNINITIALIZED_AUTOS = YES_AGGRESSIVE;
				GCC_WARN_UNUSED_FUNCTION = YES;
				GCC_WARN_UNUSED_VARIABLE = YES;
				IPHONEOS_DEPLOYMENT_TARGET = 10.2;
				MTL_ENABLE_DEBUG_INFO = YES;
				ONLY_ACTIVE_ARCH = YES;
				SDKROOT = iphoneos;
				SWIFT_ACTIVE_COMPILATION_CONDITIONS = DEBUG;
				SWIFT_OPTIMIZATION_LEVEL = "-Onone";
				TARGETED_DEVICE_FAMILY = "1,2";
			};
			name = Debug;
		};
		B181D2CA1EA4FA4C00CCFA01 /* Release */ = {
			isa = XCBuildConfiguration;
			buildSettings = {
				ALWAYS_SEARCH_USER_PATHS = NO;
				CLANG_ANALYZER_NONNULL = YES;
				CLANG_CXX_LANGUAGE_STANDARD = "gnu++0x";
				CLANG_CXX_LIBRARY = "libc++";
				CLANG_ENABLE_MODULES = YES;
				CLANG_ENABLE_OBJC_ARC = YES;
				CLANG_WARN_BOOL_CONVERSION = YES;
				CLANG_WARN_CONSTANT_CONVERSION = YES;
				CLANG_WARN_DIRECT_OBJC_ISA_USAGE = YES_ERROR;
				CLANG_WARN_DOCUMENTATION_COMMENTS = YES;
				CLANG_WARN_EMPTY_BODY = YES;
				CLANG_WARN_ENUM_CONVERSION = YES;
				CLANG_WARN_INFINITE_RECURSION = YES;
				CLANG_WARN_INT_CONVERSION = YES;
				CLANG_WARN_OBJC_ROOT_CLASS = YES_ERROR;
				CLANG_WARN_SUSPICIOUS_MOVE = YES;
				CLANG_WARN_UNREACHABLE_CODE = YES;
				CLANG_WARN__DUPLICATE_METHOD_MATCH = YES;
				"CODE_SIGN_IDENTITY[sdk=iphoneos*]" = "iPhone Developer";
				COPY_PHASE_STRIP = NO;
				DEBUG_INFORMATION_FORMAT = "dwarf-with-dsym";
				ENABLE_NS_ASSERTIONS = NO;
				ENABLE_STRICT_OBJC_MSGSEND = YES;
				GCC_C_LANGUAGE_STANDARD = gnu99;
				GCC_NO_COMMON_BLOCKS = YES;
				GCC_WARN_64_TO_32_BIT_CONVERSION = YES;
				GCC_WARN_ABOUT_RETURN_TYPE = YES_ERROR;
				GCC_WARN_UNDECLARED_SELECTOR = YES;
				GCC_WARN_UNINITIALIZED_AUTOS = YES_AGGRESSIVE;
				GCC_WARN_UNUSED_FUNCTION = YES;
				GCC_WARN_UNUSED_VARIABLE = YES;
				IPHONEOS_DEPLOYMENT_TARGET = 10.2;
				MTL_ENABLE_DEBUG_INFO = NO;
				SDKROOT = iphoneos;
				SWIFT_OPTIMIZATION_LEVEL = "-Owholemodule";
				TARGETED_DEVICE_FAMILY = "1,2";
				VALIDATE_PRODUCT = YES;
			};
			name = Release;
		};
		B181D2CC1EA4FA4C00CCFA01 /* Debug */ = {
			isa = XCBuildConfiguration;
			buildSettings = {
				ASSETCATALOG_COMPILER_APPICON_NAME = AppIcon;
				INFOPLIST_FILE = Midterm/Info.plist;
				LD_RUNPATH_SEARCH_PATHS = "$(inherited) @executable_path/Frameworks";
				PRODUCT_BUNDLE_IDENTIFIER = IMIT.Midterm;
				PRODUCT_NAME = "$(TARGET_NAME)";
				SWIFT_OBJC_BRIDGING_HEADER = "./Midterm/Midterm-Bridging-Header.h";
				SWIFT_VERSION = 3.0;
			};
			name = Debug;
		};
		B181D2CD1EA4FA4C00CCFA01 /* Release */ = {
			isa = XCBuildConfiguration;
			buildSettings = {
				ASSETCATALOG_COMPILER_APPICON_NAME = AppIcon;
				INFOPLIST_FILE = Midterm/Info.plist;
				LD_RUNPATH_SEARCH_PATHS = "$(inherited) @executable_path/Frameworks";
				PRODUCT_BUNDLE_IDENTIFIER = IMIT.Midterm;
				PRODUCT_NAME = "$(TARGET_NAME)";
				SWIFT_OBJC_BRIDGING_HEADER = "./Midterm/Midterm-Bridging-Header.h";
				SWIFT_VERSION = 3.0;
			};
			name = Release;
		};
/* End XCBuildConfiguration section */

/* Begin XCConfigurationList section */
		B181D2B11EA4FA4C00CCFA01 /* Build configuration list for PBXProject "Midterm" */ = {
			isa = XCConfigurationList;
			buildConfigurations = (
				B181D2C91EA4FA4C00CCFA01 /* Debug */,
				B181D2CA1EA4FA4C00CCFA01 /* Release */,
			);
			defaultConfigurationIsVisible = 0;
			defaultConfigurationName = Release;
		};
		B181D2CB1EA4FA4C00CCFA01 /* Build configuration list for PBXNativeTarget "Midterm" */ = {
			isa = XCConfigurationList;
			buildConfigurations = (
				B181D2CC1EA4FA4C00CCFA01 /* Debug */,
				B181D2CD1EA4FA4C00CCFA01 /* Release */,
			);
			defaultConfigurationIsVisible = 0;
			defaultConfigurationName = Release;
		};
/* End XCConfigurationList section */

/* Begin XCVersionGroup section */
		B181D2C01EA4FA4C00CCFA01 /* Midterm.xcdatamodeld */ = {
			isa = XCVersionGroup;
			children = (
				B181D2C11EA4FA4C00CCFA01 /* Midterm.xcdatamodel */,
			);
			currentVersion = B181D2C11EA4FA4C00CCFA01 /* Midterm.xcdatamodel */;
			path = Midterm.xcdatamodeld;
			sourceTree = "<group>";
			versionGroupType = wrapper.xcdatamodel;
		};
/* End XCVersionGroup section */
	};
	rootObject = B181D2AE1EA4FA4C00CCFA01 /* Project object */;
}
